{
  "name": "@VishalNandy17/retroc",
  "version": "1.0.2",
  "lockfileVersion": 3,
  "requires": true,
  "packages": {
    "": {
      "name": "@VishalNandy17/retroc",
      "version": "1.0.2",
      "license": "ISC",
      "dependencies": {
        "@VishalNandy17/retroc": "^1.0.2"
      }
    },
    "node_modules/@VishalNandy17/retroc": {
      "version": "1.0.2",
      "resolved": "https://npm.pkg.github.com/download/@VishalNandy17/retroc/1.0.2/9e06d9ae708e8dfe7259989b9d4cd84ad5cf3ad4",
      "integrity": "sha512-FWt6/wy5OHMNPSXVsb1oCIZppu/hY/pUhJ5dzB7LOGgIqQMUQjsDVkYs5iwwDULlbfWmU6VMM+Fu4mR1dod+Fg==",
      "license": "ISC"
    }
  }
}
